
Microsoft Visual Studio Solution File, Format Version 11.00
# Visual Studio 2010
Project("{FAE04EC0-301F-11D3-BF4B-00C04F79EFBC}") = "NavigationAnimation", "Assembly-CSharp.csproj", "{76832512-02C0-0890-B80D-9D67181C7BFF}"
EndProject
Global
	GlobalSection(SolutionConfigurationPlatforms) = preSolution
		Debug|Any CPU = Debug|Any CPU
		Release|Any CPU = Release|Any CPU
	EndGlobalSection
	GlobalSection(ProjectConfigurationPlatforms) = postSolution
		{76832512-02C0-0890-B80D-9D67181C7BFF}.Debug|Any CPU.ActiveCfg = Debug|Any CPU
		{76832512-02C0-0890-B80D-9D67181C7BFF}.Debug|Any CPU.Build.0 = Debug|Any CPU
		{76832512-02C0-0890-B80D-9D67181C7BFF}.Release|Any CPU.ActiveCfg = Release|Any CPU
		{76832512-02C0-0890-B80D-9D67181C7BFF}.Release|Any CPU.Build.0 = Release|Any CPU
	EndGlobalSection
	GlobalSection(SolutionProperties) = preSolution
		HideSolutionNode = FALSE
	EndGlobalSection
	GlobalSection(MonoDevelopProperties) = preSolution
		StartupItem = Assembly-CSharp.csproj
	EndGlobalSection
EndGlobal
