
Microsoft Visual Studio Solution File, Format Version 11.00
# Visual Studio 2010
Project("{FAE04EC0-301F-11D3-BF4B-00C04F79EFBC}") = "Week4-Lesson1", "Assembly-CSharp-firstpass.csproj", "{1095B171-43AF-F01C-18F5-C7DA4C6BB62B}"
EndProject
Project("{FAE04EC0-301F-11D3-BF4B-00C04F79EFBC}") = "Week4-Lesson1", "Assembly-CSharp.csproj", "{7FBF97CE-7571-1FD3-6051-E39F2F3A9628}"
EndProject
Project("{FAE04EC0-301F-11D3-BF4B-00C04F79EFBC}") = "Week4-Lesson1", "Assembly-CSharp-Editor-firstpass.csproj", "{E3C6DB96-FDC6-E88F-7861-F68805BEBDEC}"
EndProject
Global
	GlobalSection(SolutionConfigurationPlatforms) = preSolution
		Debug|Any CPU = Debug|Any CPU
		Release|Any CPU = Release|Any CPU
	EndGlobalSection
	GlobalSection(ProjectConfigurationPlatforms) = postSolution
		{1095B171-43AF-F01C-18F5-C7DA4C6BB62B}.Debug|Any CPU.ActiveCfg = Debug|Any CPU
		{1095B171-43AF-F01C-18F5-C7DA4C6BB62B}.Debug|Any CPU.Build.0 = Debug|Any CPU
		{1095B171-43AF-F01C-18F5-C7DA4C6BB62B}.Release|Any CPU.ActiveCfg = Release|Any CPU
		{1095B171-43AF-F01C-18F5-C7DA4C6BB62B}.Release|Any CPU.Build.0 = Release|Any CPU
		{7FBF97CE-7571-1FD3-6051-E39F2F3A9628}.Debug|Any CPU.ActiveCfg = Debug|Any CPU
		{7FBF97CE-7571-1FD3-6051-E39F2F3A9628}.Debug|Any CPU.Build.0 = Debug|Any CPU
		{7FBF97CE-7571-1FD3-6051-E39F2F3A9628}.Release|Any CPU.ActiveCfg = Release|Any CPU
		{7FBF97CE-7571-1FD3-6051-E39F2F3A9628}.Release|Any CPU.Build.0 = Release|Any CPU
		{E3C6DB96-FDC6-E88F-7861-F68805BEBDEC}.Debug|Any CPU.ActiveCfg = Debug|Any CPU
		{E3C6DB96-FDC6-E88F-7861-F68805BEBDEC}.Debug|Any CPU.Build.0 = Debug|Any CPU
		{E3C6DB96-FDC6-E88F-7861-F68805BEBDEC}.Release|Any CPU.ActiveCfg = Release|Any CPU
		{E3C6DB96-FDC6-E88F-7861-F68805BEBDEC}.Release|Any CPU.Build.0 = Release|Any CPU
	EndGlobalSection
	GlobalSection(SolutionProperties) = preSolution
		HideSolutionNode = FALSE
	EndGlobalSection
	GlobalSection(MonoDevelopProperties) = preSolution
		StartupItem = Assembly-CSharp.csproj
	EndGlobalSection
EndGlobal
